
Microsoft Visual Studio Solution File, Format Version 12.00
# Visual Studio 15
VisualStudioVersion = 15.0.26730.3
MinimumVisualStudioVersion = 10.0.40219.1
Project("{F184B08F-C81C-45F6-A57F-5ABD9991F28F}") = "MvcIdentity", "MvcIdentity\MvcIdentity.vbproj", "{86FCB1A6-8C45-4A6B-B638-EA16A21DCE6F}"
EndProject
Global
	GlobalSection(SolutionConfigurationPlatforms) = preSolution
		Debug|Any CPU = Debug|Any CPU
		Release|Any CPU = Release|Any CPU
	EndGlobalSection
	GlobalSection(ProjectConfigurationPlatforms) = postSolution
		{86FCB1A6-8C45-4A6B-B638-EA16A21DCE6F}.Debug|Any CPU.ActiveCfg = Debug|Any CPU
		{86FCB1A6-8C45-4A6B-B638-EA16A21DCE6F}.Debug|Any CPU.Build.0 = Debug|Any CPU
		{86FCB1A6-8C45-4A6B-B638-EA16A21DCE6F}.Release|Any CPU.ActiveCfg = Release|Any CPU
		{86FCB1A6-8C45-4A6B-B638-EA16A21DCE6F}.Release|Any CPU.Build.0 = Release|Any CPU
	EndGlobalSection
	GlobalSection(SolutionProperties) = preSolution
		HideSolutionNode = FALSE
	EndGlobalSection
	GlobalSection(ExtensibilityGlobals) = postSolution
		SolutionGuid = {3C9A47AA-7B95-46D7-9E5F-92E70203885D}
	EndGlobalSection
EndGlobal
